
Microsoft Visual Studio Solution File, Format Version 10.00
# Visual Studio 2008
Project("{FAE04EC0-301F-11D3-BF4B-00C04F79EFBC}") = "SriGreenShoppingCart", "SriGreenShoppingCart\SriGreenShoppingCart.csproj", "{C3D308C0-7AB3-435F-9F23-88E100AD137A}"
EndProject
Project("{FAE04EC0-301F-11D3-BF4B-00C04F79EFBC}") = "ConsoleApplication1", "ConsoleApplication1\ConsoleApplication1.csproj", "{D071D05F-66FF-4D24-B130-DD393C8A8A31}"
EndProject
Project("{FAE04EC0-301F-11D3-BF4B-00C04F79EFBC}") = "CCAvenueIntegrationDL", "..\CCAvenueIntegrationDL\CCAvenueIntegrationDL\CCAvenueIntegrationDL.csproj", "{9BEA1F71-E6D4-4621-ABCE-CA1F84A1319B}"
EndProject
Global
	GlobalSection(SolutionConfigurationPlatforms) = preSolution
		Debug|Any CPU = Debug|Any CPU
		Debug|Mixed Platforms = Debug|Mixed Platforms
		Debug|x86 = Debug|x86
		Release|Any CPU = Release|Any CPU
		Release|Mixed Platforms = Release|Mixed Platforms
		Release|x86 = Release|x86
	EndGlobalSection
	GlobalSection(ProjectConfigurationPlatforms) = postSolution
		{C3D308C0-7AB3-435F-9F23-88E100AD137A}.Debug|Any CPU.ActiveCfg = Debug|Any CPU
		{C3D308C0-7AB3-435F-9F23-88E100AD137A}.Debug|Any CPU.Build.0 = Debug|Any CPU
		{C3D308C0-7AB3-435F-9F23-88E100AD137A}.Debug|Mixed Platforms.ActiveCfg = Debug|Any CPU
		{C3D308C0-7AB3-435F-9F23-88E100AD137A}.Debug|Mixed Platforms.Build.0 = Debug|Any CPU
		{C3D308C0-7AB3-435F-9F23-88E100AD137A}.Debug|x86.ActiveCfg = Debug|Any CPU
		{C3D308C0-7AB3-435F-9F23-88E100AD137A}.Release|Any CPU.ActiveCfg = Release|Any CPU
		{C3D308C0-7AB3-435F-9F23-88E100AD137A}.Release|Any CPU.Build.0 = Release|Any CPU
		{C3D308C0-7AB3-435F-9F23-88E100AD137A}.Release|Mixed Platforms.ActiveCfg = Release|Any CPU
		{C3D308C0-7AB3-435F-9F23-88E100AD137A}.Release|Mixed Platforms.Build.0 = Release|Any CPU
		{C3D308C0-7AB3-435F-9F23-88E100AD137A}.Release|x86.ActiveCfg = Release|Any CPU
		{D071D05F-66FF-4D24-B130-DD393C8A8A31}.Debug|Any CPU.ActiveCfg = Debug|x86
		{D071D05F-66FF-4D24-B130-DD393C8A8A31}.Debug|Mixed Platforms.ActiveCfg = Debug|x86
		{D071D05F-66FF-4D24-B130-DD393C8A8A31}.Debug|Mixed Platforms.Build.0 = Debug|x86
		{D071D05F-66FF-4D24-B130-DD393C8A8A31}.Debug|x86.ActiveCfg = Debug|x86
		{D071D05F-66FF-4D24-B130-DD393C8A8A31}.Debug|x86.Build.0 = Debug|x86
		{D071D05F-66FF-4D24-B130-DD393C8A8A31}.Release|Any CPU.ActiveCfg = Release|x86
		{D071D05F-66FF-4D24-B130-DD393C8A8A31}.Release|Mixed Platforms.ActiveCfg = Release|x86
		{D071D05F-66FF-4D24-B130-DD393C8A8A31}.Release|Mixed Platforms.Build.0 = Release|x86
		{D071D05F-66FF-4D24-B130-DD393C8A8A31}.Release|x86.ActiveCfg = Release|x86
		{D071D05F-66FF-4D24-B130-DD393C8A8A31}.Release|x86.Build.0 = Release|x86
		{9BEA1F71-E6D4-4621-ABCE-CA1F84A1319B}.Debug|Any CPU.ActiveCfg = Debug|Any CPU
		{9BEA1F71-E6D4-4621-ABCE-CA1F84A1319B}.Debug|Any CPU.Build.0 = Debug|Any CPU
		{9BEA1F71-E6D4-4621-ABCE-CA1F84A1319B}.Debug|Mixed Platforms.ActiveCfg = Debug|Any CPU
		{9BEA1F71-E6D4-4621-ABCE-CA1F84A1319B}.Debug|x86.ActiveCfg = Debug|Any CPU
		{9BEA1F71-E6D4-4621-ABCE-CA1F84A1319B}.Release|Any CPU.ActiveCfg = Release|Any CPU
		{9BEA1F71-E6D4-4621-ABCE-CA1F84A1319B}.Release|Any CPU.Build.0 = Release|Any CPU
		{9BEA1F71-E6D4-4621-ABCE-CA1F84A1319B}.Release|Mixed Platforms.ActiveCfg = Release|Any CPU
		{9BEA1F71-E6D4-4621-ABCE-CA1F84A1319B}.Release|Mixed Platforms.Build.0 = Release|Any CPU
		{9BEA1F71-E6D4-4621-ABCE-CA1F84A1319B}.Release|x86.ActiveCfg = Release|Any CPU
	EndGlobalSection
	GlobalSection(SolutionProperties) = preSolution
		HideSolutionNode = FALSE
	EndGlobalSection
EndGlobal
